
Microsoft Visual Studio Solution File, Format Version 12.00
# Visual Studio Version 17
VisualStudioVersion = 17.2.32616.157
MinimumVisualStudioVersion = 10.0.40219.1
Project("{9A19103F-16F7-4668-BE54-9A1E7A4F7556}") = "BuyersProductsApp.App", "Project1\BuyersProductsApp.App.csproj", "{187D03CC-A5CB-480F-98E1-85423D41BA61}"
EndProject
Project("{9A19103F-16F7-4668-BE54-9A1E7A4F7556}") = "BuyersProductsApp.Data", "BuyersProductsApp.Data\BuyersProductsApp.Data.csproj", "{A8B60976-4645-43BC-A06E-267A696B1268}"
EndProject
Global
	GlobalSection(SolutionConfigurationPlatforms) = preSolution
		Debug|Any CPU = Debug|Any CPU
		Release|Any CPU = Release|Any CPU
	EndGlobalSection
	GlobalSection(ProjectConfigurationPlatforms) = postSolution
		{187D03CC-A5CB-480F-98E1-85423D41BA61}.Debug|Any CPU.ActiveCfg = Debug|Any CPU
		{187D03CC-A5CB-480F-98E1-85423D41BA61}.Debug|Any CPU.Build.0 = Debug|Any CPU
		{187D03CC-A5CB-480F-98E1-85423D41BA61}.Release|Any CPU.ActiveCfg = Release|Any CPU
		{187D03CC-A5CB-480F-98E1-85423D41BA61}.Release|Any CPU.Build.0 = Release|Any CPU
		{A8B60976-4645-43BC-A06E-267A696B1268}.Debug|Any CPU.ActiveCfg = Debug|Any CPU
		{A8B60976-4645-43BC-A06E-267A696B1268}.Debug|Any CPU.Build.0 = Debug|Any CPU
		{A8B60976-4645-43BC-A06E-267A696B1268}.Release|Any CPU.ActiveCfg = Release|Any CPU
		{A8B60976-4645-43BC-A06E-267A696B1268}.Release|Any CPU.Build.0 = Release|Any CPU
	EndGlobalSection
	GlobalSection(SolutionProperties) = preSolution
		HideSolutionNode = FALSE
	EndGlobalSection
	GlobalSection(ExtensibilityGlobals) = postSolution
		SolutionGuid = {DB5DA884-517A-4999-98F8-DC85F7D75081}
	EndGlobalSection
EndGlobal
